
Microsoft Visual Studio Solution File, Format Version 12.00
# Visual Studio 15
VisualStudioVersion = 15.0.28307.645
MinimumVisualStudioVersion = 10.0.40219.1
Project("{FAE04EC0-301F-11D3-BF4B-00C04F79EFBC}") = "FactSet.AnalyticsAPI.Engines.Test", "FactSet.AnalyticsAPI.Engines.Test\FactSet.AnalyticsAPI.Engines.Test.csproj", "{791A8DAE-3925-42CB-B453-2C31E15F2C89}"
EndProject
Global
	GlobalSection(SolutionConfigurationPlatforms) = preSolution
		Debug|Any CPU = Debug|Any CPU
		Release|Any CPU = Release|Any CPU
	EndGlobalSection
	GlobalSection(ProjectConfigurationPlatforms) = postSolution
		{791A8DAE-3925-42CB-B453-2C31E15F2C89}.Debug|Any CPU.ActiveCfg = Debug|Any CPU
		{791A8DAE-3925-42CB-B453-2C31E15F2C89}.Debug|Any CPU.Build.0 = Debug|Any CPU
		{791A8DAE-3925-42CB-B453-2C31E15F2C89}.Release|Any CPU.ActiveCfg = Release|Any CPU
		{791A8DAE-3925-42CB-B453-2C31E15F2C89}.Release|Any CPU.Build.0 = Release|Any CPU
	EndGlobalSection
	GlobalSection(SolutionProperties) = preSolution
		HideSolutionNode = FALSE
	EndGlobalSection
	GlobalSection(ExtensibilityGlobals) = postSolution
		SolutionGuid = {0BFCF903-13C5-4A02-B2B3-C6EF4DAC8918}
	EndGlobalSection
EndGlobal
